
Microsoft Visual Studio Solution File, Format Version 12.00
# Visual Studio 15
VisualStudioVersion = 15.0.27703.2035
MinimumVisualStudioVersion = 10.0.40219.1
Project("{FAE04EC0-301F-11D3-BF4B-00C04F79EFBC}") = "designpatterns", "designpatterns\designpatterns.csproj", "{8DA47567-57A6-43F3-94CA-AD4407BE22D6}"
EndProject
Global
	GlobalSection(SolutionConfigurationPlatforms) = preSolution
		Debug|Any CPU = Debug|Any CPU
		Release|Any CPU = Release|Any CPU
	EndGlobalSection
	GlobalSection(ProjectConfigurationPlatforms) = postSolution
		{8DA47567-57A6-43F3-94CA-AD4407BE22D6}.Debug|Any CPU.ActiveCfg = Debug|Any CPU
		{8DA47567-57A6-43F3-94CA-AD4407BE22D6}.Debug|Any CPU.Build.0 = Debug|Any CPU
		{8DA47567-57A6-43F3-94CA-AD4407BE22D6}.Release|Any CPU.ActiveCfg = Release|Any CPU
		{8DA47567-57A6-43F3-94CA-AD4407BE22D6}.Release|Any CPU.Build.0 = Release|Any CPU
	EndGlobalSection
	GlobalSection(SolutionProperties) = preSolution
		HideSolutionNode = FALSE
	EndGlobalSection
	GlobalSection(ExtensibilityGlobals) = postSolution
		SolutionGuid = {305C537C-D0EF-4090-8DFB-147C53DB0B77}
	EndGlobalSection
EndGlobal
